
Microsoft Visual Studio Solution File, Format Version 12.00
# Visual Studio 2013
VisualStudioVersion = 12.0.21005.1
MinimumVisualStudioVersion = 10.0.40219.1
Project("{FAE04EC0-301F-11D3-BF4B-00C04F79EFBC}") = "Colegio_Jean", "Colegio_Jean\Colegio_Jean.csproj", "{D80E54C2-03CE-4296-A3D4-472F6B0C0855}"
EndProject
Project("{FAE04EC0-301F-11D3-BF4B-00C04F79EFBC}") = "Colegio_Jean.Tests", "Colegio_Jean.Tests\Colegio_Jean.Tests.csproj", "{6EDB577E-B84D-4181-9319-C75DF294936C}"
EndProject
Global
	GlobalSection(SolutionConfigurationPlatforms) = preSolution
		Debug|Any CPU = Debug|Any CPU
		Release|Any CPU = Release|Any CPU
	EndGlobalSection
	GlobalSection(ProjectConfigurationPlatforms) = postSolution
		{D80E54C2-03CE-4296-A3D4-472F6B0C0855}.Debug|Any CPU.ActiveCfg = Debug|Any CPU
		{D80E54C2-03CE-4296-A3D4-472F6B0C0855}.Debug|Any CPU.Build.0 = Debug|Any CPU
		{D80E54C2-03CE-4296-A3D4-472F6B0C0855}.Release|Any CPU.ActiveCfg = Release|Any CPU
		{D80E54C2-03CE-4296-A3D4-472F6B0C0855}.Release|Any CPU.Build.0 = Release|Any CPU
		{6EDB577E-B84D-4181-9319-C75DF294936C}.Debug|Any CPU.ActiveCfg = Debug|Any CPU
		{6EDB577E-B84D-4181-9319-C75DF294936C}.Debug|Any CPU.Build.0 = Debug|Any CPU
		{6EDB577E-B84D-4181-9319-C75DF294936C}.Release|Any CPU.ActiveCfg = Release|Any CPU
		{6EDB577E-B84D-4181-9319-C75DF294936C}.Release|Any CPU.Build.0 = Release|Any CPU
	EndGlobalSection
	GlobalSection(SolutionProperties) = preSolution
		HideSolutionNode = FALSE
	EndGlobalSection
EndGlobal
